
Microsoft Visual Studio Solution File, Format Version 12.00
# Visual Studio Version 17
VisualStudioVersion = 17.0.31903.59
MinimumVisualStudioVersion = 10.0.40219.1
Project("{2150E333-8FDC-42A3-9474-1A3956D46DE8}") = "src", "src", "{827E0CD3-B72D-47B6-A68D-7590B98EB39B}"
EndProject
Project("{2150E333-8FDC-42A3-9474-1A3956D46DE8}") = "Framework", "Framework", "{E0AD1809-C64F-3D39-45E0-E424261CE16D}"
EndProject
Project("{FAE04EC0-301F-11D3-BF4B-00C04F79EFBC}") = "R2.ShopNet.Framework.Common", "src\Framework\R2.ShopNet.Framework.Common\R2.ShopNet.Framework.Common.csproj", "{9E2ECD95-E20C-4C23-BB16-6269E16288F0}"
EndProject
Project("{FAE04EC0-301F-11D3-BF4B-00C04F79EFBC}") = "R2.ShopNet.Framework.CQRS", "src\Framework\R2.ShopNet.Framework.CQRS\R2.ShopNet.Framework.CQRS.csproj", "{10CFF915-4EF6-482B-9F40-34A44EBBEC38}"
EndProject
Project("{FAE04EC0-301F-11D3-BF4B-00C04F79EFBC}") = "R2.ShopNet.Framework.Validation", "src\Framework\R2.ShopNet.Framework.Validation\R2.ShopNet.Framework.Validation.csproj", "{881F2BB6-41B6-40F5-BDD9-1940BD332804}"
EndProject
Project("{FAE04EC0-301F-11D3-BF4B-00C04F79EFBC}") = "R2.ShopNet.Framework.Events", "src\Framework\R2.ShopNet.Framework.Events\R2.ShopNet.Framework.Events.csproj", "{7B707EBA-007D-4BD8-A67B-40E9C148784E}"
EndProject
Project("{FAE04EC0-301F-11D3-BF4B-00C04F79EFBC}") = "R2.ShopNet.Framework.ServiceDiscovery", "src\Framework\R2.ShopNet.Framework.ServiceDiscovery\R2.ShopNet.Framework.ServiceDiscovery.csproj", "{49057048-0589-4151-815A-E0100282FBD5}"
EndProject
Project("{2150E333-8FDC-42A3-9474-1A3956D46DE8}") = "Services", "Services", "{984BB9B3-3FA3-BE33-9484-CAC21695A33C}"
EndProject
Project("{2150E333-8FDC-42A3-9474-1A3956D46DE8}") = "Identity", "Identity", "{1BFC9479-12BF-35C3-06B8-42D89D95092B}"
EndProject
Project("{FAE04EC0-301F-11D3-BF4B-00C04F79EFBC}") = "R2.ShopNet.Identity.API", "src\Services\Identity\R2.ShopNet.Identity.API\R2.ShopNet.Identity.API.csproj", "{83DED62E-B025-46FB-BA5F-A19AFADC873E}"
EndProject
Project("{FAE04EC0-301F-11D3-BF4B-00C04F79EFBC}") = "R2.ShopNet.Identity.Application", "src\Services\Identity\R2.ShopNet.Identity.Application\R2.ShopNet.Identity.Application.csproj", "{26AA1C20-8DA6-4720-B1BB-1C16EE98AA63}"
EndProject
Project("{FAE04EC0-301F-11D3-BF4B-00C04F79EFBC}") = "R2.ShopNet.Identity.Domain", "src\Services\Identity\R2.ShopNet.Identity.Domain\R2.ShopNet.Identity.Domain.csproj", "{4F1FD788-F4F5-4246-8647-FE610DD997C2}"
EndProject
Project("{FAE04EC0-301F-11D3-BF4B-00C04F79EFBC}") = "R2.ShopNet.Identity.Infrastructure", "src\Services\Identity\R2.ShopNet.Identity.Infrastructure\R2.ShopNet.Identity.Infrastructure.csproj", "{65D298FD-2C05-4CE6-8C80-C46BD338432E}"
EndProject
Project("{FAE04EC0-301F-11D3-BF4B-00C04F79EFBC}") = "R2.ShopNet.AppHost", "src\R2.ShopNet.AppHost\R2.ShopNet.AppHost.csproj", "{7A7116C8-11B2-4F52-8A5E-FAE025516148}"
EndProject
Project("{FAE04EC0-301F-11D3-BF4B-00C04F79EFBC}") = "R2.ShopNet.Framework.Configuration", "src\Framework\R2.ShopNet.Framework.Configuration\R2.ShopNet.Framework.Configuration.csproj", "{E7C806AD-CB98-495A-85FD-1F3D994BAC5D}"
EndProject
Project("{FAE04EC0-301F-11D3-BF4B-00C04F79EFBC}") = "R2.ShopNet.Framework.Persistence", "src\Framework\R2.ShopNet.Framework.Persistence\R2.ShopNet.Framework.Persistence.csproj", "{AAFA7AA8-EC91-422B-A242-AE8B0E0F087C}"
EndProject
Project("{FAE04EC0-301F-11D3-BF4B-00C04F79EFBC}") = "R2.ShopNet.Framework.Identity", "src\Framework\R2.ShopNet.Framework.Identity\R2.ShopNet.Framework.Identity.csproj", "{54DC9651-6E80-456E-AD1C-3A42A6D5DE05}"
EndProject
Global
	GlobalSection(SolutionConfigurationPlatforms) = preSolution
		Debug|Any CPU = Debug|Any CPU
		Debug|x64 = Debug|x64
		Debug|x86 = Debug|x86
		Release|Any CPU = Release|Any CPU
		Release|x64 = Release|x64
		Release|x86 = Release|x86
	EndGlobalSection
	GlobalSection(ProjectConfigurationPlatforms) = postSolution
		{9E2ECD95-E20C-4C23-BB16-6269E16288F0}.Debug|Any CPU.ActiveCfg = Debug|Any CPU
		{9E2ECD95-E20C-4C23-BB16-6269E16288F0}.Debug|Any CPU.Build.0 = Debug|Any CPU
		{9E2ECD95-E20C-4C23-BB16-6269E16288F0}.Debug|x64.ActiveCfg = Debug|Any CPU
		{9E2ECD95-E20C-4C23-BB16-6269E16288F0}.Debug|x64.Build.0 = Debug|Any CPU
		{9E2ECD95-E20C-4C23-BB16-6269E16288F0}.Debug|x86.ActiveCfg = Debug|Any CPU
		{9E2ECD95-E20C-4C23-BB16-6269E16288F0}.Debug|x86.Build.0 = Debug|Any CPU
		{9E2ECD95-E20C-4C23-BB16-6269E16288F0}.Release|Any CPU.ActiveCfg = Release|Any CPU
		{9E2ECD95-E20C-4C23-BB16-6269E16288F0}.Release|Any CPU.Build.0 = Release|Any CPU
		{9E2ECD95-E20C-4C23-BB16-6269E16288F0}.Release|x64.ActiveCfg = Release|Any CPU
		{9E2ECD95-E20C-4C23-BB16-6269E16288F0}.Release|x64.Build.0 = Release|Any CPU
		{9E2ECD95-E20C-4C23-BB16-6269E16288F0}.Release|x86.ActiveCfg = Release|Any CPU
		{9E2ECD95-E20C-4C23-BB16-6269E16288F0}.Release|x86.Build.0 = Release|Any CPU
		{10CFF915-4EF6-482B-9F40-34A44EBBEC38}.Debug|Any CPU.ActiveCfg = Debug|Any CPU
		{10CFF915-4EF6-482B-9F40-34A44EBBEC38}.Debug|Any CPU.Build.0 = Debug|Any CPU
		{10CFF915-4EF6-482B-9F40-34A44EBBEC38}.Debug|x64.ActiveCfg = Debug|Any CPU
		{10CFF915-4EF6-482B-9F40-34A44EBBEC38}.Debug|x64.Build.0 = Debug|Any CPU
		{10CFF915-4EF6-482B-9F40-34A44EBBEC38}.Debug|x86.ActiveCfg = Debug|Any CPU
		{10CFF915-4EF6-482B-9F40-34A44EBBEC38}.Debug|x86.Build.0 = Debug|Any CPU
		{10CFF915-4EF6-482B-9F40-34A44EBBEC38}.Release|Any CPU.ActiveCfg = Release|Any CPU
		{10CFF915-4EF6-482B-9F40-34A44EBBEC38}.Release|Any CPU.Build.0 = Release|Any CPU
		{10CFF915-4EF6-482B-9F40-34A44EBBEC38}.Release|x64.ActiveCfg = Release|Any CPU
		{10CFF915-4EF6-482B-9F40-34A44EBBEC38}.Release|x64.Build.0 = Release|Any CPU
		{10CFF915-4EF6-482B-9F40-34A44EBBEC38}.Release|x86.ActiveCfg = Release|Any CPU
		{10CFF915-4EF6-482B-9F40-34A44EBBEC38}.Release|x86.Build.0 = Release|Any CPU
		{881F2BB6-41B6-40F5-BDD9-1940BD332804}.Debug|Any CPU.ActiveCfg = Debug|Any CPU
		{881F2BB6-41B6-40F5-BDD9-1940BD332804}.Debug|Any CPU.Build.0 = Debug|Any CPU
		{881F2BB6-41B6-40F5-BDD9-1940BD332804}.Debug|x64.ActiveCfg = Debug|Any CPU
		{881F2BB6-41B6-40F5-BDD9-1940BD332804}.Debug|x64.Build.0 = Debug|Any CPU
		{881F2BB6-41B6-40F5-BDD9-1940BD332804}.Debug|x86.ActiveCfg = Debug|Any CPU
		{881F2BB6-41B6-40F5-BDD9-1940BD332804}.Debug|x86.Build.0 = Debug|Any CPU
		{881F2BB6-41B6-40F5-BDD9-1940BD332804}.Release|Any CPU.ActiveCfg = Release|Any CPU
		{881F2BB6-41B6-40F5-BDD9-1940BD332804}.Release|Any CPU.Build.0 = Release|Any CPU
		{881F2BB6-41B6-40F5-BDD9-1940BD332804}.Release|x64.ActiveCfg = Release|Any CPU
		{881F2BB6-41B6-40F5-BDD9-1940BD332804}.Release|x64.Build.0 = Release|Any CPU
		{881F2BB6-41B6-40F5-BDD9-1940BD332804}.Release|x86.ActiveCfg = Release|Any CPU
		{881F2BB6-41B6-40F5-BDD9-1940BD332804}.Release|x86.Build.0 = Release|Any CPU
		{7B707EBA-007D-4BD8-A67B-40E9C148784E}.Debug|Any CPU.ActiveCfg = Debug|Any CPU
		{7B707EBA-007D-4BD8-A67B-40E9C148784E}.Debug|Any CPU.Build.0 = Debug|Any CPU
		{7B707EBA-007D-4BD8-A67B-40E9C148784E}.Debug|x64.ActiveCfg = Debug|Any CPU
		{7B707EBA-007D-4BD8-A67B-40E9C148784E}.Debug|x64.Build.0 = Debug|Any CPU
		{7B707EBA-007D-4BD8-A67B-40E9C148784E}.Debug|x86.ActiveCfg = Debug|Any CPU
		{7B707EBA-007D-4BD8-A67B-40E9C148784E}.Debug|x86.Build.0 = Debug|Any CPU
		{7B707EBA-007D-4BD8-A67B-40E9C148784E}.Release|Any CPU.ActiveCfg = Release|Any CPU
		{7B707EBA-007D-4BD8-A67B-40E9C148784E}.Release|Any CPU.Build.0 = Release|Any CPU
		{7B707EBA-007D-4BD8-A67B-40E9C148784E}.Release|x64.ActiveCfg = Release|Any CPU
		{7B707EBA-007D-4BD8-A67B-40E9C148784E}.Release|x64.Build.0 = Release|Any CPU
		{7B707EBA-007D-4BD8-A67B-40E9C148784E}.Release|x86.ActiveCfg = Release|Any CPU
		{7B707EBA-007D-4BD8-A67B-40E9C148784E}.Release|x86.Build.0 = Release|Any CPU
		{49057048-0589-4151-815A-E0100282FBD5}.Debug|Any CPU.ActiveCfg = Debug|Any CPU
		{49057048-0589-4151-815A-E0100282FBD5}.Debug|Any CPU.Build.0 = Debug|Any CPU
		{49057048-0589-4151-815A-E0100282FBD5}.Debug|x64.ActiveCfg = Debug|Any CPU
		{49057048-0589-4151-815A-E0100282FBD5}.Debug|x64.Build.0 = Debug|Any CPU
		{49057048-0589-4151-815A-E0100282FBD5}.Debug|x86.ActiveCfg = Debug|Any CPU
		{49057048-0589-4151-815A-E0100282FBD5}.Debug|x86.Build.0 = Debug|Any CPU
		{49057048-0589-4151-815A-E0100282FBD5}.Release|Any CPU.ActiveCfg = Release|Any CPU
		{49057048-0589-4151-815A-E0100282FBD5}.Release|Any CPU.Build.0 = Release|Any CPU
		{49057048-0589-4151-815A-E0100282FBD5}.Release|x64.ActiveCfg = Release|Any CPU
		{49057048-0589-4151-815A-E0100282FBD5}.Release|x64.Build.0 = Release|Any CPU
		{49057048-0589-4151-815A-E0100282FBD5}.Release|x86.ActiveCfg = Release|Any CPU
		{49057048-0589-4151-815A-E0100282FBD5}.Release|x86.Build.0 = Release|Any CPU
		{83DED62E-B025-46FB-BA5F-A19AFADC873E}.Debug|Any CPU.ActiveCfg = Debug|Any CPU
		{83DED62E-B025-46FB-BA5F-A19AFADC873E}.Debug|Any CPU.Build.0 = Debug|Any CPU
		{83DED62E-B025-46FB-BA5F-A19AFADC873E}.Debug|x64.ActiveCfg = Debug|Any CPU
		{83DED62E-B025-46FB-BA5F-A19AFADC873E}.Debug|x64.Build.0 = Debug|Any CPU
		{83DED62E-B025-46FB-BA5F-A19AFADC873E}.Debug|x86.ActiveCfg = Debug|Any CPU
		{83DED62E-B025-46FB-BA5F-A19AFADC873E}.Debug|x86.Build.0 = Debug|Any CPU
		{83DED62E-B025-46FB-BA5F-A19AFADC873E}.Release|Any CPU.ActiveCfg = Release|Any CPU
		{83DED62E-B025-46FB-BA5F-A19AFADC873E}.Release|Any CPU.Build.0 = Release|Any CPU
		{83DED62E-B025-46FB-BA5F-A19AFADC873E}.Release|x64.ActiveCfg = Release|Any CPU
		{83DED62E-B025-46FB-BA5F-A19AFADC873E}.Release|x64.Build.0 = Release|Any CPU
		{83DED62E-B025-46FB-BA5F-A19AFADC873E}.Release|x86.ActiveCfg = Release|Any CPU
		{83DED62E-B025-46FB-BA5F-A19AFADC873E}.Release|x86.Build.0 = Release|Any CPU
		{26AA1C20-8DA6-4720-B1BB-1C16EE98AA63}.Debug|Any CPU.ActiveCfg = Debug|Any CPU
		{26AA1C20-8DA6-4720-B1BB-1C16EE98AA63}.Debug|Any CPU.Build.0 = Debug|Any CPU
		{26AA1C20-8DA6-4720-B1BB-1C16EE98AA63}.Debug|x64.ActiveCfg = Debug|Any CPU
		{26AA1C20-8DA6-4720-B1BB-1C16EE98AA63}.Debug|x64.Build.0 = Debug|Any CPU
		{26AA1C20-8DA6-4720-B1BB-1C16EE98AA63}.Debug|x86.ActiveCfg = Debug|Any CPU
		{26AA1C20-8DA6-4720-B1BB-1C16EE98AA63}.Debug|x86.Build.0 = Debug|Any CPU
		{26AA1C20-8DA6-4720-B1BB-1C16EE98AA63}.Release|Any CPU.ActiveCfg = Release|Any CPU
		{26AA1C20-8DA6-4720-B1BB-1C16EE98AA63}.Release|Any CPU.Build.0 = Release|Any CPU
		{26AA1C20-8DA6-4720-B1BB-1C16EE98AA63}.Release|x64.ActiveCfg = Release|Any CPU
		{26AA1C20-8DA6-4720-B1BB-1C16EE98AA63}.Release|x64.Build.0 = Release|Any CPU
		{26AA1C20-8DA6-4720-B1BB-1C16EE98AA63}.Release|x86.ActiveCfg = Release|Any CPU
		{26AA1C20-8DA6-4720-B1BB-1C16EE98AA63}.Release|x86.Build.0 = Release|Any CPU
		{4F1FD788-F4F5-4246-8647-FE610DD997C2}.Debug|Any CPU.ActiveCfg = Debug|Any CPU
		{4F1FD788-F4F5-4246-8647-FE610DD997C2}.Debug|Any CPU.Build.0 = Debug|Any CPU
		{4F1FD788-F4F5-4246-8647-FE610DD997C2}.Debug|x64.ActiveCfg = Debug|Any CPU
		{4F1FD788-F4F5-4246-8647-FE610DD997C2}.Debug|x64.Build.0 = Debug|Any CPU
		{4F1FD788-F4F5-4246-8647-FE610DD997C2}.Debug|x86.ActiveCfg = Debug|Any CPU
		{4F1FD788-F4F5-4246-8647-FE610DD997C2}.Debug|x86.Build.0 = Debug|Any CPU
		{4F1FD788-F4F5-4246-8647-FE610DD997C2}.Release|Any CPU.ActiveCfg = Release|Any CPU
		{4F1FD788-F4F5-4246-8647-FE610DD997C2}.Release|Any CPU.Build.0 = Release|Any CPU
		{4F1FD788-F4F5-4246-8647-FE610DD997C2}.Release|x64.ActiveCfg = Release|Any CPU
		{4F1FD788-F4F5-4246-8647-FE610DD997C2}.Release|x64.Build.0 = Release|Any CPU
		{4F1FD788-F4F5-4246-8647-FE610DD997C2}.Release|x86.ActiveCfg = Release|Any CPU
		{4F1FD788-F4F5-4246-8647-FE610DD997C2}.Release|x86.Build.0 = Release|Any CPU
		{65D298FD-2C05-4CE6-8C80-C46BD338432E}.Debug|Any CPU.ActiveCfg = Debug|Any CPU
		{65D298FD-2C05-4CE6-8C80-C46BD338432E}.Debug|Any CPU.Build.0 = Debug|Any CPU
		{65D298FD-2C05-4CE6-8C80-C46BD338432E}.Debug|x64.ActiveCfg = Debug|Any CPU
		{65D298FD-2C05-4CE6-8C80-C46BD338432E}.Debug|x64.Build.0 = Debug|Any CPU
		{65D298FD-2C05-4CE6-8C80-C46BD338432E}.Debug|x86.ActiveCfg = Debug|Any CPU
		{65D298FD-2C05-4CE6-8C80-C46BD338432E}.Debug|x86.Build.0 = Debug|Any CPU
		{65D298FD-2C05-4CE6-8C80-C46BD338432E}.Release|Any CPU.ActiveCfg = Release|Any CPU
		{65D298FD-2C05-4CE6-8C80-C46BD338432E}.Release|Any CPU.Build.0 = Release|Any CPU
		{65D298FD-2C05-4CE6-8C80-C46BD338432E}.Release|x64.ActiveCfg = Release|Any CPU
		{65D298FD-2C05-4CE6-8C80-C46BD338432E}.Release|x64.Build.0 = Release|Any CPU
		{65D298FD-2C05-4CE6-8C80-C46BD338432E}.Release|x86.ActiveCfg = Release|Any CPU
		{65D298FD-2C05-4CE6-8C80-C46BD338432E}.Release|x86.Build.0 = Release|Any CPU
		{7A7116C8-11B2-4F52-8A5E-FAE025516148}.Debug|Any CPU.ActiveCfg = Debug|Any CPU
		{7A7116C8-11B2-4F52-8A5E-FAE025516148}.Debug|Any CPU.Build.0 = Debug|Any CPU
		{7A7116C8-11B2-4F52-8A5E-FAE025516148}.Debug|x64.ActiveCfg = Debug|Any CPU
		{7A7116C8-11B2-4F52-8A5E-FAE025516148}.Debug|x64.Build.0 = Debug|Any CPU
		{7A7116C8-11B2-4F52-8A5E-FAE025516148}.Debug|x86.ActiveCfg = Debug|Any CPU
		{7A7116C8-11B2-4F52-8A5E-FAE025516148}.Debug|x86.Build.0 = Debug|Any CPU
		{7A7116C8-11B2-4F52-8A5E-FAE025516148}.Release|Any CPU.ActiveCfg = Release|Any CPU
		{7A7116C8-11B2-4F52-8A5E-FAE025516148}.Release|Any CPU.Build.0 = Release|Any CPU
		{7A7116C8-11B2-4F52-8A5E-FAE025516148}.Release|x64.ActiveCfg = Release|Any CPU
		{7A7116C8-11B2-4F52-8A5E-FAE025516148}.Release|x64.Build.0 = Release|Any CPU
		{7A7116C8-11B2-4F52-8A5E-FAE025516148}.Release|x86.ActiveCfg = Release|Any CPU
		{7A7116C8-11B2-4F52-8A5E-FAE025516148}.Release|x86.Build.0 = Release|Any CPU
		{E7C806AD-CB98-495A-85FD-1F3D994BAC5D}.Debug|Any CPU.ActiveCfg = Debug|Any CPU
		{E7C806AD-CB98-495A-85FD-1F3D994BAC5D}.Debug|Any CPU.Build.0 = Debug|Any CPU
		{E7C806AD-CB98-495A-85FD-1F3D994BAC5D}.Debug|x64.ActiveCfg = Debug|Any CPU
		{E7C806AD-CB98-495A-85FD-1F3D994BAC5D}.Debug|x64.Build.0 = Debug|Any CPU
		{E7C806AD-CB98-495A-85FD-1F3D994BAC5D}.Debug|x86.ActiveCfg = Debug|Any CPU
		{E7C806AD-CB98-495A-85FD-1F3D994BAC5D}.Debug|x86.Build.0 = Debug|Any CPU
		{E7C806AD-CB98-495A-85FD-1F3D994BAC5D}.Release|Any CPU.ActiveCfg = Release|Any CPU
		{E7C806AD-CB98-495A-85FD-1F3D994BAC5D}.Release|Any CPU.Build.0 = Release|Any CPU
		{E7C806AD-CB98-495A-85FD-1F3D994BAC5D}.Release|x64.ActiveCfg = Release|Any CPU
		{E7C806AD-CB98-495A-85FD-1F3D994BAC5D}.Release|x64.Build.0 = Release|Any CPU
		{E7C806AD-CB98-495A-85FD-1F3D994BAC5D}.Release|x86.ActiveCfg = Release|Any CPU
		{E7C806AD-CB98-495A-85FD-1F3D994BAC5D}.Release|x86.Build.0 = Release|Any CPU
		{AAFA7AA8-EC91-422B-A242-AE8B0E0F087C}.Debug|Any CPU.ActiveCfg = Debug|Any CPU
		{AAFA7AA8-EC91-422B-A242-AE8B0E0F087C}.Debug|Any CPU.Build.0 = Debug|Any CPU
		{AAFA7AA8-EC91-422B-A242-AE8B0E0F087C}.Debug|x64.ActiveCfg = Debug|Any CPU
		{AAFA7AA8-EC91-422B-A242-AE8B0E0F087C}.Debug|x64.Build.0 = Debug|Any CPU
		{AAFA7AA8-EC91-422B-A242-AE8B0E0F087C}.Debug|x86.ActiveCfg = Debug|Any CPU
		{AAFA7AA8-EC91-422B-A242-AE8B0E0F087C}.Debug|x86.Build.0 = Debug|Any CPU
		{AAFA7AA8-EC91-422B-A242-AE8B0E0F087C}.Release|Any CPU.ActiveCfg = Release|Any CPU
		{AAFA7AA8-EC91-422B-A242-AE8B0E0F087C}.Release|Any CPU.Build.0 = Release|Any CPU
		{AAFA7AA8-EC91-422B-A242-AE8B0E0F087C}.Release|x64.ActiveCfg = Release|Any CPU
		{AAFA7AA8-EC91-422B-A242-AE8B0E0F087C}.Release|x64.Build.0 = Release|Any CPU
		{AAFA7AA8-EC91-422B-A242-AE8B0E0F087C}.Release|x86.ActiveCfg = Release|Any CPU
		{AAFA7AA8-EC91-422B-A242-AE8B0E0F087C}.Release|x86.Build.0 = Release|Any CPU
		{54DC9651-6E80-456E-AD1C-3A42A6D5DE05}.Debug|Any CPU.ActiveCfg = Debug|Any CPU
		{54DC9651-6E80-456E-AD1C-3A42A6D5DE05}.Debug|Any CPU.Build.0 = Debug|Any CPU
		{54DC9651-6E80-456E-AD1C-3A42A6D5DE05}.Debug|x64.ActiveCfg = Debug|Any CPU
		{54DC9651-6E80-456E-AD1C-3A42A6D5DE05}.Debug|x64.Build.0 = Debug|Any CPU
		{54DC9651-6E80-456E-AD1C-3A42A6D5DE05}.Debug|x86.ActiveCfg = Debug|Any CPU
		{54DC9651-6E80-456E-AD1C-3A42A6D5DE05}.Debug|x86.Build.0 = Debug|Any CPU
		{54DC9651-6E80-456E-AD1C-3A42A6D5DE05}.Release|Any CPU.ActiveCfg = Release|Any CPU
		{54DC9651-6E80-456E-AD1C-3A42A6D5DE05}.Release|Any CPU.Build.0 = Release|Any CPU
		{54DC9651-6E80-456E-AD1C-3A42A6D5DE05}.Release|x64.ActiveCfg = Release|Any CPU
		{54DC9651-6E80-456E-AD1C-3A42A6D5DE05}.Release|x64.Build.0 = Release|Any CPU
		{54DC9651-6E80-456E-AD1C-3A42A6D5DE05}.Release|x86.ActiveCfg = Release|Any CPU
		{54DC9651-6E80-456E-AD1C-3A42A6D5DE05}.Release|x86.Build.0 = Release|Any CPU
	EndGlobalSection
	GlobalSection(SolutionProperties) = preSolution
		HideSolutionNode = FALSE
	EndGlobalSection
	GlobalSection(NestedProjects) = preSolution
		{E0AD1809-C64F-3D39-45E0-E424261CE16D} = {827E0CD3-B72D-47B6-A68D-7590B98EB39B}
		{9E2ECD95-E20C-4C23-BB16-6269E16288F0} = {E0AD1809-C64F-3D39-45E0-E424261CE16D}
		{10CFF915-4EF6-482B-9F40-34A44EBBEC38} = {E0AD1809-C64F-3D39-45E0-E424261CE16D}
		{881F2BB6-41B6-40F5-BDD9-1940BD332804} = {E0AD1809-C64F-3D39-45E0-E424261CE16D}
		{7B707EBA-007D-4BD8-A67B-40E9C148784E} = {E0AD1809-C64F-3D39-45E0-E424261CE16D}
		{49057048-0589-4151-815A-E0100282FBD5} = {E0AD1809-C64F-3D39-45E0-E424261CE16D}
		{984BB9B3-3FA3-BE33-9484-CAC21695A33C} = {827E0CD3-B72D-47B6-A68D-7590B98EB39B}
		{1BFC9479-12BF-35C3-06B8-42D89D95092B} = {984BB9B3-3FA3-BE33-9484-CAC21695A33C}
		{83DED62E-B025-46FB-BA5F-A19AFADC873E} = {1BFC9479-12BF-35C3-06B8-42D89D95092B}
		{26AA1C20-8DA6-4720-B1BB-1C16EE98AA63} = {1BFC9479-12BF-35C3-06B8-42D89D95092B}
		{4F1FD788-F4F5-4246-8647-FE610DD997C2} = {1BFC9479-12BF-35C3-06B8-42D89D95092B}
		{65D298FD-2C05-4CE6-8C80-C46BD338432E} = {1BFC9479-12BF-35C3-06B8-42D89D95092B}
		{7A7116C8-11B2-4F52-8A5E-FAE025516148} = {827E0CD3-B72D-47B6-A68D-7590B98EB39B}
		{E7C806AD-CB98-495A-85FD-1F3D994BAC5D} = {E0AD1809-C64F-3D39-45E0-E424261CE16D}
		{AAFA7AA8-EC91-422B-A242-AE8B0E0F087C} = {E0AD1809-C64F-3D39-45E0-E424261CE16D}
		{54DC9651-6E80-456E-AD1C-3A42A6D5DE05} = {E0AD1809-C64F-3D39-45E0-E424261CE16D}
	EndGlobalSection
EndGlobal
