
Microsoft Visual Studio Solution File, Format Version 12.00
# Visual Studio Version 17
VisualStudioVersion = 17.0.31903.59
MinimumVisualStudioVersion = 10.0.40219.1
Project("{2150E333-8FDC-42A3-9474-1A3956D46DE8}") = "src", "src", "{827E0CD3-B72D-47B6-A68D-7590B98EB39B}"
EndProject
Project("{2150E333-8FDC-42A3-9474-1A3956D46DE8}") = "Aspire", "Aspire", "{0AC0A089-B435-98F7-DEB3-FA7281AB09B8}"
EndProject
Project("{2150E333-8FDC-42A3-9474-1A3956D46DE8}") = "Framework", "Framework", "{E0AD1809-C64F-3D39-45E0-E424261CE16D}"
EndProject
Project("{2150E333-8FDC-42A3-9474-1A3956D46DE8}") = "Services", "Services", "{984BB9B3-3FA3-BE33-9484-CAC21695A33C}"
EndProject
Project("{2150E333-8FDC-42A3-9474-1A3956D46DE8}") = "Gateway", "Gateway", "{6306A8FB-679E-111F-6585-8F70E0EE6013}"
EndProject
Project("{9A19103F-16F7-4668-BE54-9A1E7A4F7556}") = "R2.ShopNet.Framework.Common", "src\Framework\R2.ShopNet.Framework.Common\R2.ShopNet.Framework.Common.csproj", "{9E2ECD95-E20C-4C23-BB16-6269E16288F0}"
EndProject
Project("{9A19103F-16F7-4668-BE54-9A1E7A4F7556}") = "R2.ShopNet.Framework.CQRS", "src\Framework\R2.ShopNet.Framework.CQRS\R2.ShopNet.Framework.CQRS.csproj", "{10CFF915-4EF6-482B-9F40-34A44EBBEC38}"
EndProject
Project("{9A19103F-16F7-4668-BE54-9A1E7A4F7556}") = "R2.ShopNet.Framework.Validation", "src\Framework\R2.ShopNet.Framework.Validation\R2.ShopNet.Framework.Validation.csproj", "{881F2BB6-41B6-40F5-BDD9-1940BD332804}"
EndProject
Project("{9A19103F-16F7-4668-BE54-9A1E7A4F7556}") = "R2.ShopNet.Framework.Events", "src\Framework\R2.ShopNet.Framework.Events\R2.ShopNet.Framework.Events.csproj", "{7B707EBA-007D-4BD8-A67B-40E9C148784E}"
EndProject
Project("{9A19103F-16F7-4668-BE54-9A1E7A4F7556}") = "R2.ShopNet.Framework.ServiceDiscovery", "src\Framework\R2.ShopNet.Framework.ServiceDiscovery\R2.ShopNet.Framework.ServiceDiscovery.csproj", "{49057048-0589-4151-815A-E0100282FBD5}"
EndProject
Project("{2150E333-8FDC-42A3-9474-1A3956D46DE8}") = "Identity", "Identity", "{1BFC9479-12BF-35C3-06B8-42D89D95092B}"
EndProject
Project("{9A19103F-16F7-4668-BE54-9A1E7A4F7556}") = "R2.ShopNet.Identity.API", "src\Services\Identity\R2.ShopNet.Identity.API\R2.ShopNet.Identity.API.csproj", "{83DED62E-B025-46FB-BA5F-A19AFADC873E}"
EndProject
Project("{9A19103F-16F7-4668-BE54-9A1E7A4F7556}") = "R2.ShopNet.Identity.Application", "src\Services\Identity\R2.ShopNet.Identity.Application\R2.ShopNet.Identity.Application.csproj", "{26AA1C20-8DA6-4720-B1BB-1C16EE98AA63}"
EndProject
Project("{9A19103F-16F7-4668-BE54-9A1E7A4F7556}") = "R2.ShopNet.Identity.Domain", "src\Services\Identity\R2.ShopNet.Identity.Domain\R2.ShopNet.Identity.Domain.csproj", "{4F1FD788-F4F5-4246-8647-FE610DD997C2}"
EndProject
Project("{9A19103F-16F7-4668-BE54-9A1E7A4F7556}") = "R2.ShopNet.Identity.Infrastructure", "src\Services\Identity\R2.ShopNet.Identity.Infrastructure\R2.ShopNet.Identity.Infrastructure.csproj", "{65D298FD-2C05-4CE6-8C80-C46BD338432E}"
EndProject
Project("{9A19103F-16F7-4668-BE54-9A1E7A4F7556}") = "R2.ShopNet.AppHost", "src\Aspire\R2.ShopNet.AppHost\R2.ShopNet.AppHost.csproj", "{7A7116C8-11B2-4F52-8A5E-FAE025516148}"
EndProject
Project("{9A19103F-16F7-4668-BE54-9A1E7A4F7556}") = "R2.ShopNet.Framework.Configuration", "src\Framework\R2.ShopNet.Framework.Configuration\R2.ShopNet.Framework.Configuration.csproj", "{E7C806AD-CB98-495A-85FD-1F3D994BAC5D}"
EndProject
Project("{9A19103F-16F7-4668-BE54-9A1E7A4F7556}") = "R2.ShopNet.Framework.Persistence", "src\Framework\R2.ShopNet.Framework.Persistence\R2.ShopNet.Framework.Persistence.csproj", "{AAFA7AA8-EC91-422B-A242-AE8B0E0F087C}"
EndProject
Project("{9A19103F-16F7-4668-BE54-9A1E7A4F7556}") = "R2.ShopNet.Framework.Identity", "src\Framework\R2.ShopNet.Framework.Identity\R2.ShopNet.Framework.Identity.csproj", "{54DC9651-6E80-456E-AD1C-3A42A6D5DE05}"
EndProject
Project("{9A19103F-16F7-4668-BE54-9A1E7A4F7556}") = "R2.ShopNet.Gateway.API", "src\Gateway\R2.ShopNet.Gateway.API\R2.ShopNet.Gateway.API.csproj", "{8D0A0DFF-5ABB-46A0-995C-8105A835F179}"
EndProject
Project("{2150E333-8FDC-42A3-9474-1A3956D46DE8}") = "Catalog", "Catalog", "{C91C1CF1-1625-0789-F869-53D87D6277BA}"
EndProject
Project("{9A19103F-16F7-4668-BE54-9A1E7A4F7556}") = "R2.ShopNet.Catalog.Domain", "src\Services\Catalog\R2.ShopNet.Catalog.Domain\R2.ShopNet.Catalog.Domain.csproj", "{FAF3D0E9-AD72-419E-87BE-4398D71DFFF8}"
EndProject
Project("{9A19103F-16F7-4668-BE54-9A1E7A4F7556}") = "R2.ShopNet.Catalog.Application", "src\Services\Catalog\R2.ShopNet.Catalog.Application\R2.ShopNet.Catalog.Application.csproj", "{FDFD2990-1BDD-4F62-9B06-E26AC87972EF}"
EndProject
Project("{9A19103F-16F7-4668-BE54-9A1E7A4F7556}") = "R2.ShopNet.Catalog.Infrastructure", "src\Services\Catalog\R2.ShopNet.Catalog.Infrastructure\R2.ShopNet.Catalog.Infrastructure.csproj", "{DAC012B4-87F1-44D0-BC58-8FDD82B92E8D}"
EndProject
Project("{9A19103F-16F7-4668-BE54-9A1E7A4F7556}") = "R2.ShopNet.Catalog.API", "src\Services\Catalog\R2.ShopNet.Catalog.API\R2.ShopNet.Catalog.API.csproj", "{9B0EFCEB-3110-4E53-8E2F-6E4901D10CD2}"
EndProject
Project("{9A19103F-16F7-4668-BE54-9A1E7A4F7556}") = "R2.ShopNet.Catalog.IntegrationTests", "src\Services\Catalog\R2.ShopNet.Catalog.IntegrationTests\R2.ShopNet.Catalog.IntegrationTests.csproj", "{48D2EC1D-C573-4226-8E8D-B2375E37E30B}"
EndProject
Project("{FAE04EC0-301F-11D3-BF4B-00C04F79EFBC}") = "R2.ShopNet.ServiceDefaults", "src\Aspire\R2.ShopNet.ServiceDefaults\R2.ShopNet.ServiceDefaults.csproj", "{893F8DE0-74ED-4843-A987-C0EFF6181646}"
EndProject
Project("{FAE04EC0-301F-11D3-BF4B-00C04F79EFBC}") = "R2.ShopNet.Framework.Logging", "src\Framework\R2.ShopNet.Framework.Logging\R2.ShopNet.Framework.Logging.csproj", "{105603AA-8C35-4009-8BFA-8D871F0B4AFF}"
EndProject
Global
	GlobalSection(SolutionConfigurationPlatforms) = preSolution
		Debug|Any CPU = Debug|Any CPU
		Debug|x64 = Debug|x64
		Debug|x86 = Debug|x86
		Release|Any CPU = Release|Any CPU
		Release|x64 = Release|x64
		Release|x86 = Release|x86
	EndGlobalSection
	GlobalSection(ProjectConfigurationPlatforms) = postSolution
		{9E2ECD95-E20C-4C23-BB16-6269E16288F0}.Debug|Any CPU.ActiveCfg = Debug|Any CPU
		{9E2ECD95-E20C-4C23-BB16-6269E16288F0}.Debug|Any CPU.Build.0 = Debug|Any CPU
		{9E2ECD95-E20C-4C23-BB16-6269E16288F0}.Debug|x64.ActiveCfg = Debug|Any CPU
		{9E2ECD95-E20C-4C23-BB16-6269E16288F0}.Debug|x64.Build.0 = Debug|Any CPU
		{9E2ECD95-E20C-4C23-BB16-6269E16288F0}.Debug|x86.ActiveCfg = Debug|Any CPU
		{9E2ECD95-E20C-4C23-BB16-6269E16288F0}.Debug|x86.Build.0 = Debug|Any CPU
		{9E2ECD95-E20C-4C23-BB16-6269E16288F0}.Release|Any CPU.ActiveCfg = Release|Any CPU
		{9E2ECD95-E20C-4C23-BB16-6269E16288F0}.Release|Any CPU.Build.0 = Release|Any CPU
		{9E2ECD95-E20C-4C23-BB16-6269E16288F0}.Release|x64.ActiveCfg = Release|Any CPU
		{9E2ECD95-E20C-4C23-BB16-6269E16288F0}.Release|x64.Build.0 = Release|Any CPU
		{9E2ECD95-E20C-4C23-BB16-6269E16288F0}.Release|x86.ActiveCfg = Release|Any CPU
		{9E2ECD95-E20C-4C23-BB16-6269E16288F0}.Release|x86.Build.0 = Release|Any CPU
		{10CFF915-4EF6-482B-9F40-34A44EBBEC38}.Debug|Any CPU.ActiveCfg = Debug|Any CPU
		{10CFF915-4EF6-482B-9F40-34A44EBBEC38}.Debug|Any CPU.Build.0 = Debug|Any CPU
		{10CFF915-4EF6-482B-9F40-34A44EBBEC38}.Debug|x64.ActiveCfg = Debug|Any CPU
		{10CFF915-4EF6-482B-9F40-34A44EBBEC38}.Debug|x64.Build.0 = Debug|Any CPU
		{10CFF915-4EF6-482B-9F40-34A44EBBEC38}.Debug|x86.ActiveCfg = Debug|Any CPU
		{10CFF915-4EF6-482B-9F40-34A44EBBEC38}.Debug|x86.Build.0 = Debug|Any CPU
		{10CFF915-4EF6-482B-9F40-34A44EBBEC38}.Release|Any CPU.ActiveCfg = Release|Any CPU
		{10CFF915-4EF6-482B-9F40-34A44EBBEC38}.Release|Any CPU.Build.0 = Release|Any CPU
		{10CFF915-4EF6-482B-9F40-34A44EBBEC38}.Release|x64.ActiveCfg = Release|Any CPU
		{10CFF915-4EF6-482B-9F40-34A44EBBEC38}.Release|x64.Build.0 = Release|Any CPU
		{10CFF915-4EF6-482B-9F40-34A44EBBEC38}.Release|x86.ActiveCfg = Release|Any CPU
		{10CFF915-4EF6-482B-9F40-34A44EBBEC38}.Release|x86.Build.0 = Release|Any CPU
		{881F2BB6-41B6-40F5-BDD9-1940BD332804}.Debug|Any CPU.ActiveCfg = Debug|Any CPU
		{881F2BB6-41B6-40F5-BDD9-1940BD332804}.Debug|Any CPU.Build.0 = Debug|Any CPU
		{881F2BB6-41B6-40F5-BDD9-1940BD332804}.Debug|x64.ActiveCfg = Debug|Any CPU
		{881F2BB6-41B6-40F5-BDD9-1940BD332804}.Debug|x64.Build.0 = Debug|Any CPU
		{881F2BB6-41B6-40F5-BDD9-1940BD332804}.Debug|x86.ActiveCfg = Debug|Any CPU
		{881F2BB6-41B6-40F5-BDD9-1940BD332804}.Debug|x86.Build.0 = Debug|Any CPU
		{881F2BB6-41B6-40F5-BDD9-1940BD332804}.Release|Any CPU.ActiveCfg = Release|Any CPU
		{881F2BB6-41B6-40F5-BDD9-1940BD332804}.Release|Any CPU.Build.0 = Release|Any CPU
		{881F2BB6-41B6-40F5-BDD9-1940BD332804}.Release|x64.ActiveCfg = Release|Any CPU
		{881F2BB6-41B6-40F5-BDD9-1940BD332804}.Release|x64.Build.0 = Release|Any CPU
		{881F2BB6-41B6-40F5-BDD9-1940BD332804}.Release|x86.ActiveCfg = Release|Any CPU
		{881F2BB6-41B6-40F5-BDD9-1940BD332804}.Release|x86.Build.0 = Release|Any CPU
		{7B707EBA-007D-4BD8-A67B-40E9C148784E}.Debug|Any CPU.ActiveCfg = Debug|Any CPU
		{7B707EBA-007D-4BD8-A67B-40E9C148784E}.Debug|Any CPU.Build.0 = Debug|Any CPU
		{7B707EBA-007D-4BD8-A67B-40E9C148784E}.Debug|x64.ActiveCfg = Debug|Any CPU
		{7B707EBA-007D-4BD8-A67B-40E9C148784E}.Debug|x64.Build.0 = Debug|Any CPU
		{7B707EBA-007D-4BD8-A67B-40E9C148784E}.Debug|x86.ActiveCfg = Debug|Any CPU
		{7B707EBA-007D-4BD8-A67B-40E9C148784E}.Debug|x86.Build.0 = Debug|Any CPU
		{7B707EBA-007D-4BD8-A67B-40E9C148784E}.Release|Any CPU.ActiveCfg = Release|Any CPU
		{7B707EBA-007D-4BD8-A67B-40E9C148784E}.Release|Any CPU.Build.0 = Release|Any CPU
		{7B707EBA-007D-4BD8-A67B-40E9C148784E}.Release|x64.ActiveCfg = Release|Any CPU
		{7B707EBA-007D-4BD8-A67B-40E9C148784E}.Release|x64.Build.0 = Release|Any CPU
		{7B707EBA-007D-4BD8-A67B-40E9C148784E}.Release|x86.ActiveCfg = Release|Any CPU
		{7B707EBA-007D-4BD8-A67B-40E9C148784E}.Release|x86.Build.0 = Release|Any CPU
		{49057048-0589-4151-815A-E0100282FBD5}.Debug|Any CPU.ActiveCfg = Debug|Any CPU
		{49057048-0589-4151-815A-E0100282FBD5}.Debug|Any CPU.Build.0 = Debug|Any CPU
		{49057048-0589-4151-815A-E0100282FBD5}.Debug|x64.ActiveCfg = Debug|Any CPU
		{49057048-0589-4151-815A-E0100282FBD5}.Debug|x64.Build.0 = Debug|Any CPU
		{49057048-0589-4151-815A-E0100282FBD5}.Debug|x86.ActiveCfg = Debug|Any CPU
		{49057048-0589-4151-815A-E0100282FBD5}.Debug|x86.Build.0 = Debug|Any CPU
		{49057048-0589-4151-815A-E0100282FBD5}.Release|Any CPU.ActiveCfg = Release|Any CPU
		{49057048-0589-4151-815A-E0100282FBD5}.Release|Any CPU.Build.0 = Release|Any CPU
		{49057048-0589-4151-815A-E0100282FBD5}.Release|x64.ActiveCfg = Release|Any CPU
		{49057048-0589-4151-815A-E0100282FBD5}.Release|x64.Build.0 = Release|Any CPU
		{49057048-0589-4151-815A-E0100282FBD5}.Release|x86.ActiveCfg = Release|Any CPU
		{49057048-0589-4151-815A-E0100282FBD5}.Release|x86.Build.0 = Release|Any CPU
		{83DED62E-B025-46FB-BA5F-A19AFADC873E}.Debug|Any CPU.ActiveCfg = Debug|Any CPU
		{83DED62E-B025-46FB-BA5F-A19AFADC873E}.Debug|Any CPU.Build.0 = Debug|Any CPU
		{83DED62E-B025-46FB-BA5F-A19AFADC873E}.Debug|x64.ActiveCfg = Debug|Any CPU
		{83DED62E-B025-46FB-BA5F-A19AFADC873E}.Debug|x64.Build.0 = Debug|Any CPU
		{83DED62E-B025-46FB-BA5F-A19AFADC873E}.Debug|x86.ActiveCfg = Debug|Any CPU
		{83DED62E-B025-46FB-BA5F-A19AFADC873E}.Debug|x86.Build.0 = Debug|Any CPU
		{83DED62E-B025-46FB-BA5F-A19AFADC873E}.Release|Any CPU.ActiveCfg = Release|Any CPU
		{83DED62E-B025-46FB-BA5F-A19AFADC873E}.Release|Any CPU.Build.0 = Release|Any CPU
		{83DED62E-B025-46FB-BA5F-A19AFADC873E}.Release|x64.ActiveCfg = Release|Any CPU
		{83DED62E-B025-46FB-BA5F-A19AFADC873E}.Release|x64.Build.0 = Release|Any CPU
		{83DED62E-B025-46FB-BA5F-A19AFADC873E}.Release|x86.ActiveCfg = Release|Any CPU
		{83DED62E-B025-46FB-BA5F-A19AFADC873E}.Release|x86.Build.0 = Release|Any CPU
		{26AA1C20-8DA6-4720-B1BB-1C16EE98AA63}.Debug|Any CPU.ActiveCfg = Debug|Any CPU
		{26AA1C20-8DA6-4720-B1BB-1C16EE98AA63}.Debug|Any CPU.Build.0 = Debug|Any CPU
		{26AA1C20-8DA6-4720-B1BB-1C16EE98AA63}.Debug|x64.ActiveCfg = Debug|Any CPU
		{26AA1C20-8DA6-4720-B1BB-1C16EE98AA63}.Debug|x64.Build.0 = Debug|Any CPU
		{26AA1C20-8DA6-4720-B1BB-1C16EE98AA63}.Debug|x86.ActiveCfg = Debug|Any CPU
		{26AA1C20-8DA6-4720-B1BB-1C16EE98AA63}.Debug|x86.Build.0 = Debug|Any CPU
		{26AA1C20-8DA6-4720-B1BB-1C16EE98AA63}.Release|Any CPU.ActiveCfg = Release|Any CPU
		{26AA1C20-8DA6-4720-B1BB-1C16EE98AA63}.Release|Any CPU.Build.0 = Release|Any CPU
		{26AA1C20-8DA6-4720-B1BB-1C16EE98AA63}.Release|x64.ActiveCfg = Release|Any CPU
		{26AA1C20-8DA6-4720-B1BB-1C16EE98AA63}.Release|x64.Build.0 = Release|Any CPU
		{26AA1C20-8DA6-4720-B1BB-1C16EE98AA63}.Release|x86.ActiveCfg = Release|Any CPU
		{26AA1C20-8DA6-4720-B1BB-1C16EE98AA63}.Release|x86.Build.0 = Release|Any CPU
		{4F1FD788-F4F5-4246-8647-FE610DD997C2}.Debug|Any CPU.ActiveCfg = Debug|Any CPU
		{4F1FD788-F4F5-4246-8647-FE610DD997C2}.Debug|Any CPU.Build.0 = Debug|Any CPU
		{4F1FD788-F4F5-4246-8647-FE610DD997C2}.Debug|x64.ActiveCfg = Debug|Any CPU
		{4F1FD788-F4F5-4246-8647-FE610DD997C2}.Debug|x64.Build.0 = Debug|Any CPU
		{4F1FD788-F4F5-4246-8647-FE610DD997C2}.Debug|x86.ActiveCfg = Debug|Any CPU
		{4F1FD788-F4F5-4246-8647-FE610DD997C2}.Debug|x86.Build.0 = Debug|Any CPU
		{4F1FD788-F4F5-4246-8647-FE610DD997C2}.Release|Any CPU.ActiveCfg = Release|Any CPU
		{4F1FD788-F4F5-4246-8647-FE610DD997C2}.Release|Any CPU.Build.0 = Release|Any CPU
		{4F1FD788-F4F5-4246-8647-FE610DD997C2}.Release|x64.ActiveCfg = Release|Any CPU
		{4F1FD788-F4F5-4246-8647-FE610DD997C2}.Release|x64.Build.0 = Release|Any CPU
		{4F1FD788-F4F5-4246-8647-FE610DD997C2}.Release|x86.ActiveCfg = Release|Any CPU
		{4F1FD788-F4F5-4246-8647-FE610DD997C2}.Release|x86.Build.0 = Release|Any CPU
		{65D298FD-2C05-4CE6-8C80-C46BD338432E}.Debug|Any CPU.ActiveCfg = Debug|Any CPU
		{65D298FD-2C05-4CE6-8C80-C46BD338432E}.Debug|Any CPU.Build.0 = Debug|Any CPU
		{65D298FD-2C05-4CE6-8C80-C46BD338432E}.Debug|x64.ActiveCfg = Debug|Any CPU
		{65D298FD-2C05-4CE6-8C80-C46BD338432E}.Debug|x64.Build.0 = Debug|Any CPU
		{65D298FD-2C05-4CE6-8C80-C46BD338432E}.Debug|x86.ActiveCfg = Debug|Any CPU
		{65D298FD-2C05-4CE6-8C80-C46BD338432E}.Debug|x86.Build.0 = Debug|Any CPU
		{65D298FD-2C05-4CE6-8C80-C46BD338432E}.Release|Any CPU.ActiveCfg = Release|Any CPU
		{65D298FD-2C05-4CE6-8C80-C46BD338432E}.Release|Any CPU.Build.0 = Release|Any CPU
		{65D298FD-2C05-4CE6-8C80-C46BD338432E}.Release|x64.ActiveCfg = Release|Any CPU
		{65D298FD-2C05-4CE6-8C80-C46BD338432E}.Release|x64.Build.0 = Release|Any CPU
		{65D298FD-2C05-4CE6-8C80-C46BD338432E}.Release|x86.ActiveCfg = Release|Any CPU
		{65D298FD-2C05-4CE6-8C80-C46BD338432E}.Release|x86.Build.0 = Release|Any CPU
		{7A7116C8-11B2-4F52-8A5E-FAE025516148}.Debug|Any CPU.ActiveCfg = Debug|Any CPU
		{7A7116C8-11B2-4F52-8A5E-FAE025516148}.Debug|Any CPU.Build.0 = Debug|Any CPU
		{7A7116C8-11B2-4F52-8A5E-FAE025516148}.Debug|x64.ActiveCfg = Debug|Any CPU
		{7A7116C8-11B2-4F52-8A5E-FAE025516148}.Debug|x64.Build.0 = Debug|Any CPU
		{7A7116C8-11B2-4F52-8A5E-FAE025516148}.Debug|x86.ActiveCfg = Debug|Any CPU
		{7A7116C8-11B2-4F52-8A5E-FAE025516148}.Debug|x86.Build.0 = Debug|Any CPU
		{7A7116C8-11B2-4F52-8A5E-FAE025516148}.Release|Any CPU.ActiveCfg = Release|Any CPU
		{7A7116C8-11B2-4F52-8A5E-FAE025516148}.Release|Any CPU.Build.0 = Release|Any CPU
		{7A7116C8-11B2-4F52-8A5E-FAE025516148}.Release|x64.ActiveCfg = Release|Any CPU
		{7A7116C8-11B2-4F52-8A5E-FAE025516148}.Release|x64.Build.0 = Release|Any CPU
		{7A7116C8-11B2-4F52-8A5E-FAE025516148}.Release|x86.ActiveCfg = Release|Any CPU
		{7A7116C8-11B2-4F52-8A5E-FAE025516148}.Release|x86.Build.0 = Release|Any CPU
		{E7C806AD-CB98-495A-85FD-1F3D994BAC5D}.Debug|Any CPU.ActiveCfg = Debug|Any CPU
		{E7C806AD-CB98-495A-85FD-1F3D994BAC5D}.Debug|Any CPU.Build.0 = Debug|Any CPU
		{E7C806AD-CB98-495A-85FD-1F3D994BAC5D}.Debug|x64.ActiveCfg = Debug|Any CPU
		{E7C806AD-CB98-495A-85FD-1F3D994BAC5D}.Debug|x64.Build.0 = Debug|Any CPU
		{E7C806AD-CB98-495A-85FD-1F3D994BAC5D}.Debug|x86.ActiveCfg = Debug|Any CPU
		{E7C806AD-CB98-495A-85FD-1F3D994BAC5D}.Debug|x86.Build.0 = Debug|Any CPU
		{E7C806AD-CB98-495A-85FD-1F3D994BAC5D}.Release|Any CPU.ActiveCfg = Release|Any CPU
		{E7C806AD-CB98-495A-85FD-1F3D994BAC5D}.Release|Any CPU.Build.0 = Release|Any CPU
		{E7C806AD-CB98-495A-85FD-1F3D994BAC5D}.Release|x64.ActiveCfg = Release|Any CPU
		{E7C806AD-CB98-495A-85FD-1F3D994BAC5D}.Release|x64.Build.0 = Release|Any CPU
		{E7C806AD-CB98-495A-85FD-1F3D994BAC5D}.Release|x86.ActiveCfg = Release|Any CPU
		{E7C806AD-CB98-495A-85FD-1F3D994BAC5D}.Release|x86.Build.0 = Release|Any CPU
		{AAFA7AA8-EC91-422B-A242-AE8B0E0F087C}.Debug|Any CPU.ActiveCfg = Debug|Any CPU
		{AAFA7AA8-EC91-422B-A242-AE8B0E0F087C}.Debug|Any CPU.Build.0 = Debug|Any CPU
		{AAFA7AA8-EC91-422B-A242-AE8B0E0F087C}.Debug|x64.ActiveCfg = Debug|Any CPU
		{AAFA7AA8-EC91-422B-A242-AE8B0E0F087C}.Debug|x64.Build.0 = Debug|Any CPU
		{AAFA7AA8-EC91-422B-A242-AE8B0E0F087C}.Debug|x86.ActiveCfg = Debug|Any CPU
		{AAFA7AA8-EC91-422B-A242-AE8B0E0F087C}.Debug|x86.Build.0 = Debug|Any CPU
		{AAFA7AA8-EC91-422B-A242-AE8B0E0F087C}.Release|Any CPU.ActiveCfg = Release|Any CPU
		{AAFA7AA8-EC91-422B-A242-AE8B0E0F087C}.Release|Any CPU.Build.0 = Release|Any CPU
		{AAFA7AA8-EC91-422B-A242-AE8B0E0F087C}.Release|x64.ActiveCfg = Release|Any CPU
		{AAFA7AA8-EC91-422B-A242-AE8B0E0F087C}.Release|x64.Build.0 = Release|Any CPU
		{AAFA7AA8-EC91-422B-A242-AE8B0E0F087C}.Release|x86.ActiveCfg = Release|Any CPU
		{AAFA7AA8-EC91-422B-A242-AE8B0E0F087C}.Release|x86.Build.0 = Release|Any CPU
		{54DC9651-6E80-456E-AD1C-3A42A6D5DE05}.Debug|Any CPU.ActiveCfg = Debug|Any CPU
		{54DC9651-6E80-456E-AD1C-3A42A6D5DE05}.Debug|Any CPU.Build.0 = Debug|Any CPU
		{54DC9651-6E80-456E-AD1C-3A42A6D5DE05}.Debug|x64.ActiveCfg = Debug|Any CPU
		{54DC9651-6E80-456E-AD1C-3A42A6D5DE05}.Debug|x64.Build.0 = Debug|Any CPU
		{54DC9651-6E80-456E-AD1C-3A42A6D5DE05}.Debug|x86.ActiveCfg = Debug|Any CPU
		{54DC9651-6E80-456E-AD1C-3A42A6D5DE05}.Debug|x86.Build.0 = Debug|Any CPU
		{54DC9651-6E80-456E-AD1C-3A42A6D5DE05}.Release|Any CPU.ActiveCfg = Release|Any CPU
		{54DC9651-6E80-456E-AD1C-3A42A6D5DE05}.Release|Any CPU.Build.0 = Release|Any CPU
		{54DC9651-6E80-456E-AD1C-3A42A6D5DE05}.Release|x64.ActiveCfg = Release|Any CPU
		{54DC9651-6E80-456E-AD1C-3A42A6D5DE05}.Release|x64.Build.0 = Release|Any CPU
		{54DC9651-6E80-456E-AD1C-3A42A6D5DE05}.Release|x86.ActiveCfg = Release|Any CPU
		{54DC9651-6E80-456E-AD1C-3A42A6D5DE05}.Release|x86.Build.0 = Release|Any CPU
		{8D0A0DFF-5ABB-46A0-995C-8105A835F179}.Debug|Any CPU.ActiveCfg = Debug|Any CPU
		{8D0A0DFF-5ABB-46A0-995C-8105A835F179}.Debug|Any CPU.Build.0 = Debug|Any CPU
		{8D0A0DFF-5ABB-46A0-995C-8105A835F179}.Debug|x64.ActiveCfg = Debug|Any CPU
		{8D0A0DFF-5ABB-46A0-995C-8105A835F179}.Debug|x64.Build.0 = Debug|Any CPU
		{8D0A0DFF-5ABB-46A0-995C-8105A835F179}.Debug|x86.ActiveCfg = Debug|Any CPU
		{8D0A0DFF-5ABB-46A0-995C-8105A835F179}.Debug|x86.Build.0 = Debug|Any CPU
		{8D0A0DFF-5ABB-46A0-995C-8105A835F179}.Release|Any CPU.ActiveCfg = Release|Any CPU
		{8D0A0DFF-5ABB-46A0-995C-8105A835F179}.Release|Any CPU.Build.0 = Release|Any CPU
		{8D0A0DFF-5ABB-46A0-995C-8105A835F179}.Release|x64.ActiveCfg = Release|Any CPU
		{8D0A0DFF-5ABB-46A0-995C-8105A835F179}.Release|x64.Build.0 = Release|Any CPU
		{8D0A0DFF-5ABB-46A0-995C-8105A835F179}.Release|x86.ActiveCfg = Release|Any CPU
		{8D0A0DFF-5ABB-46A0-995C-8105A835F179}.Release|x86.Build.0 = Release|Any CPU
		{FAF3D0E9-AD72-419E-87BE-4398D71DFFF8}.Debug|Any CPU.ActiveCfg = Debug|Any CPU
		{FAF3D0E9-AD72-419E-87BE-4398D71DFFF8}.Debug|Any CPU.Build.0 = Debug|Any CPU
		{FAF3D0E9-AD72-419E-87BE-4398D71DFFF8}.Debug|x64.ActiveCfg = Debug|Any CPU
		{FAF3D0E9-AD72-419E-87BE-4398D71DFFF8}.Debug|x64.Build.0 = Debug|Any CPU
		{FAF3D0E9-AD72-419E-87BE-4398D71DFFF8}.Debug|x86.ActiveCfg = Debug|Any CPU
		{FAF3D0E9-AD72-419E-87BE-4398D71DFFF8}.Debug|x86.Build.0 = Debug|Any CPU
		{FAF3D0E9-AD72-419E-87BE-4398D71DFFF8}.Release|Any CPU.ActiveCfg = Release|Any CPU
		{FAF3D0E9-AD72-419E-87BE-4398D71DFFF8}.Release|Any CPU.Build.0 = Release|Any CPU
		{FAF3D0E9-AD72-419E-87BE-4398D71DFFF8}.Release|x64.ActiveCfg = Release|Any CPU
		{FAF3D0E9-AD72-419E-87BE-4398D71DFFF8}.Release|x64.Build.0 = Release|Any CPU
		{FAF3D0E9-AD72-419E-87BE-4398D71DFFF8}.Release|x86.ActiveCfg = Release|Any CPU
		{FAF3D0E9-AD72-419E-87BE-4398D71DFFF8}.Release|x86.Build.0 = Release|Any CPU
		{FDFD2990-1BDD-4F62-9B06-E26AC87972EF}.Debug|Any CPU.ActiveCfg = Debug|Any CPU
		{FDFD2990-1BDD-4F62-9B06-E26AC87972EF}.Debug|Any CPU.Build.0 = Debug|Any CPU
		{FDFD2990-1BDD-4F62-9B06-E26AC87972EF}.Debug|x64.ActiveCfg = Debug|Any CPU
		{FDFD2990-1BDD-4F62-9B06-E26AC87972EF}.Debug|x64.Build.0 = Debug|Any CPU
		{FDFD2990-1BDD-4F62-9B06-E26AC87972EF}.Debug|x86.ActiveCfg = Debug|Any CPU
		{FDFD2990-1BDD-4F62-9B06-E26AC87972EF}.Debug|x86.Build.0 = Debug|Any CPU
		{FDFD2990-1BDD-4F62-9B06-E26AC87972EF}.Release|Any CPU.ActiveCfg = Release|Any CPU
		{FDFD2990-1BDD-4F62-9B06-E26AC87972EF}.Release|Any CPU.Build.0 = Release|Any CPU
		{FDFD2990-1BDD-4F62-9B06-E26AC87972EF}.Release|x64.ActiveCfg = Release|Any CPU
		{FDFD2990-1BDD-4F62-9B06-E26AC87972EF}.Release|x64.Build.0 = Release|Any CPU
		{FDFD2990-1BDD-4F62-9B06-E26AC87972EF}.Release|x86.ActiveCfg = Release|Any CPU
		{FDFD2990-1BDD-4F62-9B06-E26AC87972EF}.Release|x86.Build.0 = Release|Any CPU
		{DAC012B4-87F1-44D0-BC58-8FDD82B92E8D}.Debug|Any CPU.ActiveCfg = Debug|Any CPU
		{DAC012B4-87F1-44D0-BC58-8FDD82B92E8D}.Debug|Any CPU.Build.0 = Debug|Any CPU
		{DAC012B4-87F1-44D0-BC58-8FDD82B92E8D}.Debug|x64.ActiveCfg = Debug|Any CPU
		{DAC012B4-87F1-44D0-BC58-8FDD82B92E8D}.Debug|x64.Build.0 = Debug|Any CPU
		{DAC012B4-87F1-44D0-BC58-8FDD82B92E8D}.Debug|x86.ActiveCfg = Debug|Any CPU
		{DAC012B4-87F1-44D0-BC58-8FDD82B92E8D}.Debug|x86.Build.0 = Debug|Any CPU
		{DAC012B4-87F1-44D0-BC58-8FDD82B92E8D}.Release|Any CPU.ActiveCfg = Release|Any CPU
		{DAC012B4-87F1-44D0-BC58-8FDD82B92E8D}.Release|Any CPU.Build.0 = Release|Any CPU
		{DAC012B4-87F1-44D0-BC58-8FDD82B92E8D}.Release|x64.ActiveCfg = Release|Any CPU
		{DAC012B4-87F1-44D0-BC58-8FDD82B92E8D}.Release|x64.Build.0 = Release|Any CPU
		{DAC012B4-87F1-44D0-BC58-8FDD82B92E8D}.Release|x86.ActiveCfg = Release|Any CPU
		{DAC012B4-87F1-44D0-BC58-8FDD82B92E8D}.Release|x86.Build.0 = Release|Any CPU
		{9B0EFCEB-3110-4E53-8E2F-6E4901D10CD2}.Debug|Any CPU.ActiveCfg = Debug|Any CPU
		{9B0EFCEB-3110-4E53-8E2F-6E4901D10CD2}.Debug|Any CPU.Build.0 = Debug|Any CPU
		{9B0EFCEB-3110-4E53-8E2F-6E4901D10CD2}.Debug|x64.ActiveCfg = Debug|Any CPU
		{9B0EFCEB-3110-4E53-8E2F-6E4901D10CD2}.Debug|x64.Build.0 = Debug|Any CPU
		{9B0EFCEB-3110-4E53-8E2F-6E4901D10CD2}.Debug|x86.ActiveCfg = Debug|Any CPU
		{9B0EFCEB-3110-4E53-8E2F-6E4901D10CD2}.Debug|x86.Build.0 = Debug|Any CPU
		{9B0EFCEB-3110-4E53-8E2F-6E4901D10CD2}.Release|Any CPU.ActiveCfg = Release|Any CPU
		{9B0EFCEB-3110-4E53-8E2F-6E4901D10CD2}.Release|Any CPU.Build.0 = Release|Any CPU
		{9B0EFCEB-3110-4E53-8E2F-6E4901D10CD2}.Release|x64.ActiveCfg = Release|Any CPU
		{9B0EFCEB-3110-4E53-8E2F-6E4901D10CD2}.Release|x64.Build.0 = Release|Any CPU
		{9B0EFCEB-3110-4E53-8E2F-6E4901D10CD2}.Release|x86.ActiveCfg = Release|Any CPU
		{9B0EFCEB-3110-4E53-8E2F-6E4901D10CD2}.Release|x86.Build.0 = Release|Any CPU
		{48D2EC1D-C573-4226-8E8D-B2375E37E30B}.Debug|Any CPU.ActiveCfg = Debug|Any CPU
		{48D2EC1D-C573-4226-8E8D-B2375E37E30B}.Debug|Any CPU.Build.0 = Debug|Any CPU
		{48D2EC1D-C573-4226-8E8D-B2375E37E30B}.Debug|x64.ActiveCfg = Debug|Any CPU
		{48D2EC1D-C573-4226-8E8D-B2375E37E30B}.Debug|x64.Build.0 = Debug|Any CPU
		{48D2EC1D-C573-4226-8E8D-B2375E37E30B}.Debug|x86.ActiveCfg = Debug|Any CPU
		{48D2EC1D-C573-4226-8E8D-B2375E37E30B}.Debug|x86.Build.0 = Debug|Any CPU
		{48D2EC1D-C573-4226-8E8D-B2375E37E30B}.Release|Any CPU.ActiveCfg = Release|Any CPU
		{48D2EC1D-C573-4226-8E8D-B2375E37E30B}.Release|Any CPU.Build.0 = Release|Any CPU
		{48D2EC1D-C573-4226-8E8D-B2375E37E30B}.Release|x64.ActiveCfg = Release|Any CPU
		{48D2EC1D-C573-4226-8E8D-B2375E37E30B}.Release|x64.Build.0 = Release|Any CPU
		{48D2EC1D-C573-4226-8E8D-B2375E37E30B}.Release|x86.ActiveCfg = Release|Any CPU
		{48D2EC1D-C573-4226-8E8D-B2375E37E30B}.Release|x86.Build.0 = Release|Any CPU
		{893F8DE0-74ED-4843-A987-C0EFF6181646}.Debug|Any CPU.ActiveCfg = Debug|Any CPU
		{893F8DE0-74ED-4843-A987-C0EFF6181646}.Debug|Any CPU.Build.0 = Debug|Any CPU
		{893F8DE0-74ED-4843-A987-C0EFF6181646}.Debug|x64.ActiveCfg = Debug|Any CPU
		{893F8DE0-74ED-4843-A987-C0EFF6181646}.Debug|x64.Build.0 = Debug|Any CPU
		{893F8DE0-74ED-4843-A987-C0EFF6181646}.Debug|x86.ActiveCfg = Debug|Any CPU
		{893F8DE0-74ED-4843-A987-C0EFF6181646}.Debug|x86.Build.0 = Debug|Any CPU
		{893F8DE0-74ED-4843-A987-C0EFF6181646}.Release|Any CPU.ActiveCfg = Release|Any CPU
		{893F8DE0-74ED-4843-A987-C0EFF6181646}.Release|Any CPU.Build.0 = Release|Any CPU
		{893F8DE0-74ED-4843-A987-C0EFF6181646}.Release|x64.ActiveCfg = Release|Any CPU
		{893F8DE0-74ED-4843-A987-C0EFF6181646}.Release|x64.Build.0 = Release|Any CPU
		{893F8DE0-74ED-4843-A987-C0EFF6181646}.Release|x86.ActiveCfg = Release|Any CPU
		{893F8DE0-74ED-4843-A987-C0EFF6181646}.Release|x86.Build.0 = Release|Any CPU
		{105603AA-8C35-4009-8BFA-8D871F0B4AFF}.Debug|Any CPU.ActiveCfg = Debug|Any CPU
		{105603AA-8C35-4009-8BFA-8D871F0B4AFF}.Debug|Any CPU.Build.0 = Debug|Any CPU
		{105603AA-8C35-4009-8BFA-8D871F0B4AFF}.Debug|x64.ActiveCfg = Debug|Any CPU
		{105603AA-8C35-4009-8BFA-8D871F0B4AFF}.Debug|x64.Build.0 = Debug|Any CPU
		{105603AA-8C35-4009-8BFA-8D871F0B4AFF}.Debug|x86.ActiveCfg = Debug|Any CPU
		{105603AA-8C35-4009-8BFA-8D871F0B4AFF}.Debug|x86.Build.0 = Debug|Any CPU
		{105603AA-8C35-4009-8BFA-8D871F0B4AFF}.Release|Any CPU.ActiveCfg = Release|Any CPU
		{105603AA-8C35-4009-8BFA-8D871F0B4AFF}.Release|Any CPU.Build.0 = Release|Any CPU
		{105603AA-8C35-4009-8BFA-8D871F0B4AFF}.Release|x64.ActiveCfg = Release|Any CPU
		{105603AA-8C35-4009-8BFA-8D871F0B4AFF}.Release|x64.Build.0 = Release|Any CPU
		{105603AA-8C35-4009-8BFA-8D871F0B4AFF}.Release|x86.ActiveCfg = Release|Any CPU
		{105603AA-8C35-4009-8BFA-8D871F0B4AFF}.Release|x86.Build.0 = Release|Any CPU
	EndGlobalSection
	GlobalSection(SolutionProperties) = preSolution
		HideSolutionNode = FALSE
	EndGlobalSection
	GlobalSection(NestedProjects) = preSolution
		{0AC0A089-B435-98F7-DEB3-FA7281AB09B8} = {827E0CD3-B72D-47B6-A68D-7590B98EB39B}
		{E0AD1809-C64F-3D39-45E0-E424261CE16D} = {827E0CD3-B72D-47B6-A68D-7590B98EB39B}
		{984BB9B3-3FA3-BE33-9484-CAC21695A33C} = {827E0CD3-B72D-47B6-A68D-7590B98EB39B}
		{6306A8FB-679E-111F-6585-8F70E0EE6013} = {827E0CD3-B72D-47B6-A68D-7590B98EB39B}
		{9E2ECD95-E20C-4C23-BB16-6269E16288F0} = {E0AD1809-C64F-3D39-45E0-E424261CE16D}
		{10CFF915-4EF6-482B-9F40-34A44EBBEC38} = {E0AD1809-C64F-3D39-45E0-E424261CE16D}
		{881F2BB6-41B6-40F5-BDD9-1940BD332804} = {E0AD1809-C64F-3D39-45E0-E424261CE16D}
		{7B707EBA-007D-4BD8-A67B-40E9C148784E} = {E0AD1809-C64F-3D39-45E0-E424261CE16D}
		{49057048-0589-4151-815A-E0100282FBD5} = {E0AD1809-C64F-3D39-45E0-E424261CE16D}
		{1BFC9479-12BF-35C3-06B8-42D89D95092B} = {984BB9B3-3FA3-BE33-9484-CAC21695A33C}
		{83DED62E-B025-46FB-BA5F-A19AFADC873E} = {1BFC9479-12BF-35C3-06B8-42D89D95092B}
		{26AA1C20-8DA6-4720-B1BB-1C16EE98AA63} = {1BFC9479-12BF-35C3-06B8-42D89D95092B}
		{4F1FD788-F4F5-4246-8647-FE610DD997C2} = {1BFC9479-12BF-35C3-06B8-42D89D95092B}
		{65D298FD-2C05-4CE6-8C80-C46BD338432E} = {1BFC9479-12BF-35C3-06B8-42D89D95092B}
		{7A7116C8-11B2-4F52-8A5E-FAE025516148} = {0AC0A089-B435-98F7-DEB3-FA7281AB09B8}
		{E7C806AD-CB98-495A-85FD-1F3D994BAC5D} = {E0AD1809-C64F-3D39-45E0-E424261CE16D}
		{AAFA7AA8-EC91-422B-A242-AE8B0E0F087C} = {E0AD1809-C64F-3D39-45E0-E424261CE16D}
		{54DC9651-6E80-456E-AD1C-3A42A6D5DE05} = {E0AD1809-C64F-3D39-45E0-E424261CE16D}
		{8D0A0DFF-5ABB-46A0-995C-8105A835F179} = {6306A8FB-679E-111F-6585-8F70E0EE6013}
		{C91C1CF1-1625-0789-F869-53D87D6277BA} = {984BB9B3-3FA3-BE33-9484-CAC21695A33C}
		{FAF3D0E9-AD72-419E-87BE-4398D71DFFF8} = {C91C1CF1-1625-0789-F869-53D87D6277BA}
		{FDFD2990-1BDD-4F62-9B06-E26AC87972EF} = {C91C1CF1-1625-0789-F869-53D87D6277BA}
		{DAC012B4-87F1-44D0-BC58-8FDD82B92E8D} = {C91C1CF1-1625-0789-F869-53D87D6277BA}
		{9B0EFCEB-3110-4E53-8E2F-6E4901D10CD2} = {C91C1CF1-1625-0789-F869-53D87D6277BA}
		{48D2EC1D-C573-4226-8E8D-B2375E37E30B} = {C91C1CF1-1625-0789-F869-53D87D6277BA}
		{893F8DE0-74ED-4843-A987-C0EFF6181646} = {0AC0A089-B435-98F7-DEB3-FA7281AB09B8}
		{105603AA-8C35-4009-8BFA-8D871F0B4AFF} = {E0AD1809-C64F-3D39-45E0-E424261CE16D}
	EndGlobalSection
EndGlobal
